
Microsoft Visual Studio Solution File, Format Version 12.00
# Visual Studio Version 17
VisualStudioVersion = 17.11.35312.102
MinimumVisualStudioVersion = 10.0.40219.1
Project("{9A19103F-16F7-4668-BE54-9A1E7A4F7556}") = "WeatherForGardeners", "WeatherForGardeners\WeatherForGardeners.csproj", "{BBAF229D-9205-4A11-86D1-F5FCB9E8A35A}"
EndProject
Global
	GlobalSection(SolutionConfigurationPlatforms) = preSolution
		Debug|Any CPU = Debug|Any CPU
		Release|Any CPU = Release|Any CPU
	EndGlobalSection
	GlobalSection(ProjectConfigurationPlatforms) = postSolution
		{BBAF229D-9205-4A11-86D1-F5FCB9E8A35A}.Debug|Any CPU.ActiveCfg = Debug|Any CPU
		{BBAF229D-9205-4A11-86D1-F5FCB9E8A35A}.Debug|Any CPU.Build.0 = Debug|Any CPU
		{BBAF229D-9205-4A11-86D1-F5FCB9E8A35A}.Release|Any CPU.ActiveCfg = Release|Any CPU
		{BBAF229D-9205-4A11-86D1-F5FCB9E8A35A}.Release|Any CPU.Build.0 = Release|Any CPU
	EndGlobalSection
	GlobalSection(SolutionProperties) = preSolution
		HideSolutionNode = FALSE
	EndGlobalSection
	GlobalSection(ExtensibilityGlobals) = postSolution
		SolutionGuid = {FF53750D-BFBA-4AC4-A3F4-B812EAF98DB2}
	EndGlobalSection
EndGlobal
